
Microsoft Visual Studio Solution File, Format Version 12.00
# Visual Studio Version 17
VisualStudioVersion = 17.11.35327.3
MinimumVisualStudioVersion = 10.0.40219.1
Project("{9A19103F-16F7-4668-BE54-9A1E7A4F7556}") = "Art2", "Art2\Art2.csproj", "{15783573-20A9-4ED7-8617-A1D8BECBD7CA}"
EndProject
Project("{9A19103F-16F7-4668-BE54-9A1E7A4F7556}") = "Art3", "Art3\Art3.csproj", "{8D7E8E63-3808-479D-B2AE-FFF60826FF53}"
EndProject
Project("{9A19103F-16F7-4668-BE54-9A1E7A4F7556}") = "Art4", "Art4\Art4.csproj", "{EA724957-731B-4555-9D8E-74C9B56BC9FC}"
EndProject
Project("{9A19103F-16F7-4668-BE54-9A1E7A4F7556}") = "Art5", "Art5\Art5.csproj", "{D69C3B32-5659-470A-9CFA-39D83814200E}"
EndProject
Project("{FAE04EC0-301F-11D3-BF4B-00C04F79EFBC}") = "Art6", "Art6\Art6.csproj", "{5C882EFC-CDCB-4A77-B4FF-995F75E1A8A7}"
EndProject
Global
	GlobalSection(SolutionConfigurationPlatforms) = preSolution
		Debug|Any CPU = Debug|Any CPU
		Release|Any CPU = Release|Any CPU
	EndGlobalSection
	GlobalSection(ProjectConfigurationPlatforms) = postSolution
		{15783573-20A9-4ED7-8617-A1D8BECBD7CA}.Debug|Any CPU.ActiveCfg = Debug|Any CPU
		{15783573-20A9-4ED7-8617-A1D8BECBD7CA}.Debug|Any CPU.Build.0 = Debug|Any CPU
		{15783573-20A9-4ED7-8617-A1D8BECBD7CA}.Release|Any CPU.ActiveCfg = Release|Any CPU
		{15783573-20A9-4ED7-8617-A1D8BECBD7CA}.Release|Any CPU.Build.0 = Release|Any CPU
		{8D7E8E63-3808-479D-B2AE-FFF60826FF53}.Debug|Any CPU.ActiveCfg = Debug|Any CPU
		{8D7E8E63-3808-479D-B2AE-FFF60826FF53}.Debug|Any CPU.Build.0 = Debug|Any CPU
		{8D7E8E63-3808-479D-B2AE-FFF60826FF53}.Release|Any CPU.ActiveCfg = Release|Any CPU
		{8D7E8E63-3808-479D-B2AE-FFF60826FF53}.Release|Any CPU.Build.0 = Release|Any CPU
		{EA724957-731B-4555-9D8E-74C9B56BC9FC}.Debug|Any CPU.ActiveCfg = Debug|Any CPU
		{EA724957-731B-4555-9D8E-74C9B56BC9FC}.Debug|Any CPU.Build.0 = Debug|Any CPU
		{EA724957-731B-4555-9D8E-74C9B56BC9FC}.Release|Any CPU.ActiveCfg = Release|Any CPU
		{EA724957-731B-4555-9D8E-74C9B56BC9FC}.Release|Any CPU.Build.0 = Release|Any CPU
		{D69C3B32-5659-470A-9CFA-39D83814200E}.Debug|Any CPU.ActiveCfg = Debug|Any CPU
		{D69C3B32-5659-470A-9CFA-39D83814200E}.Debug|Any CPU.Build.0 = Debug|Any CPU
		{D69C3B32-5659-470A-9CFA-39D83814200E}.Release|Any CPU.ActiveCfg = Release|Any CPU
		{D69C3B32-5659-470A-9CFA-39D83814200E}.Release|Any CPU.Build.0 = Release|Any CPU
		{5C882EFC-CDCB-4A77-B4FF-995F75E1A8A7}.Debug|Any CPU.ActiveCfg = Debug|Any CPU
		{5C882EFC-CDCB-4A77-B4FF-995F75E1A8A7}.Debug|Any CPU.Build.0 = Debug|Any CPU
		{5C882EFC-CDCB-4A77-B4FF-995F75E1A8A7}.Release|Any CPU.ActiveCfg = Release|Any CPU
		{5C882EFC-CDCB-4A77-B4FF-995F75E1A8A7}.Release|Any CPU.Build.0 = Release|Any CPU
	EndGlobalSection
	GlobalSection(SolutionProperties) = preSolution
		HideSolutionNode = FALSE
	EndGlobalSection
	GlobalSection(ExtensibilityGlobals) = postSolution
		SolutionGuid = {04780CAA-A8BA-4117-B0FE-E7B6C200DE87}
	EndGlobalSection
EndGlobal
