
Microsoft Visual Studio Solution File, Format Version 12.00
# Visual Studio Version 17
VisualStudioVersion = 17.11.35327.3
MinimumVisualStudioVersion = 10.0.40219.1
Project("{9A19103F-16F7-4668-BE54-9A1E7A4F7556}") = "Art2", "Art2\Art2.csproj", "{15783573-20A9-4ED7-8617-A1D8BECBD7CA}"
EndProject
Project("{9A19103F-16F7-4668-BE54-9A1E7A4F7556}") = "Art3", "Art3\Art3.csproj", "{8D7E8E63-3808-479D-B2AE-FFF60826FF53}"
EndProject
Project("{9A19103F-16F7-4668-BE54-9A1E7A4F7556}") = "Art4", "Art4\Art4.csproj", "{EA724957-731B-4555-9D8E-74C9B56BC9FC}"
EndProject
Project("{9A19103F-16F7-4668-BE54-9A1E7A4F7556}") = "Art5", "Art5\Art5.csproj", "{D69C3B32-5659-470A-9CFA-39D83814200E}"
EndProject
Project("{9A19103F-16F7-4668-BE54-9A1E7A4F7556}") = "Art6", "Art6\Art6.csproj", "{5C882EFC-CDCB-4A77-B4FF-995F75E1A8A7}"
EndProject
Project("{9A19103F-16F7-4668-BE54-9A1E7A4F7556}") = "Du6.1", "Du6.1\Du6.1.csproj", "{D3802D84-24E6-4999-A4CA-49AAAEBC07AB}"
EndProject
Project("{9A19103F-16F7-4668-BE54-9A1E7A4F7556}") = "Du7.1", "Du7.1\Du7.1.csproj", "{3E7C421C-0AC7-491C-BEBD-D9E555F23181}"
EndProject
Project("{9A19103F-16F7-4668-BE54-9A1E7A4F7556}") = "Dz8", "Dz8\Dz8.csproj", "{91BF0959-041A-4E6C-B360-C46DE901676F}"
EndProject
Project("{9A19103F-16F7-4668-BE54-9A1E7A4F7556}") = "Dz8_part2", "Dz8_part2\Dz8_part2.csproj", "{83528544-8D0D-4286-B324-A56E96653B97}"
EndProject
Project("{9A19103F-16F7-4668-BE54-9A1E7A4F7556}") = "Du10", "Du10\Du10.csproj", "{9683007A-373C-4D51-90B4-44804889F444}"
EndProject
Project("{9A19103F-16F7-4668-BE54-9A1E7A4F7556}") = "Dz9.1", "Dz9.1\Dz9.1.csproj", "{38D3F965-2231-4BF3-93EC-61CE4029B86B}"
EndProject
Project("{9A19103F-16F7-4668-BE54-9A1E7A4F7556}") = "Dz11", "Dz11\Dz11.csproj", "{0D20ACBA-D4FF-457F-A0F5-40418CFEBA07}"
EndProject
Project("{9A19103F-16F7-4668-BE54-9A1E7A4F7556}") = "Dz12", "Dz12\Dz12.csproj", "{80395B0D-33D0-49DE-B91D-885F537B3637}"
EndProject
Project("{9A19103F-16F7-4668-BE54-9A1E7A4F7556}") = "Dz13", "Dz13\Dz13.csproj", "{E9030808-203B-4476-B383-D31F526A3ACF}"
EndProject
Project("{9A19103F-16F7-4668-BE54-9A1E7A4F7556}") = "Dz14", "Dz14\Dz14.csproj", "{D1E31A03-2526-4D83-887D-E133C3BA7AC9}"
EndProject
Project("{FAE04EC0-301F-11D3-BF4B-00C04F79EFBC}") = "Dz16", "Dz16\Dz16.csproj", "{00682A5D-DBDE-4A2E-B6DE-06A874F45CF7}"
EndProject
Project("{FAE04EC0-301F-11D3-BF4B-00C04F79EFBC}") = "Dz15", "Dz15\Dz15.csproj", "{CA44CE99-3AE2-4F6C-B31F-2ED9A4DD5AC9}"
EndProject
Global
	GlobalSection(SolutionConfigurationPlatforms) = preSolution
		Debug|Any CPU = Debug|Any CPU
		Release|Any CPU = Release|Any CPU
	EndGlobalSection
	GlobalSection(ProjectConfigurationPlatforms) = postSolution
		{15783573-20A9-4ED7-8617-A1D8BECBD7CA}.Debug|Any CPU.ActiveCfg = Debug|Any CPU
		{15783573-20A9-4ED7-8617-A1D8BECBD7CA}.Debug|Any CPU.Build.0 = Debug|Any CPU
		{15783573-20A9-4ED7-8617-A1D8BECBD7CA}.Release|Any CPU.ActiveCfg = Release|Any CPU
		{15783573-20A9-4ED7-8617-A1D8BECBD7CA}.Release|Any CPU.Build.0 = Release|Any CPU
		{8D7E8E63-3808-479D-B2AE-FFF60826FF53}.Debug|Any CPU.ActiveCfg = Debug|Any CPU
		{8D7E8E63-3808-479D-B2AE-FFF60826FF53}.Debug|Any CPU.Build.0 = Debug|Any CPU
		{8D7E8E63-3808-479D-B2AE-FFF60826FF53}.Release|Any CPU.ActiveCfg = Release|Any CPU
		{8D7E8E63-3808-479D-B2AE-FFF60826FF53}.Release|Any CPU.Build.0 = Release|Any CPU
		{EA724957-731B-4555-9D8E-74C9B56BC9FC}.Debug|Any CPU.ActiveCfg = Debug|Any CPU
		{EA724957-731B-4555-9D8E-74C9B56BC9FC}.Debug|Any CPU.Build.0 = Debug|Any CPU
		{EA724957-731B-4555-9D8E-74C9B56BC9FC}.Release|Any CPU.ActiveCfg = Release|Any CPU
		{EA724957-731B-4555-9D8E-74C9B56BC9FC}.Release|Any CPU.Build.0 = Release|Any CPU
		{D69C3B32-5659-470A-9CFA-39D83814200E}.Debug|Any CPU.ActiveCfg = Debug|Any CPU
		{D69C3B32-5659-470A-9CFA-39D83814200E}.Debug|Any CPU.Build.0 = Debug|Any CPU
		{D69C3B32-5659-470A-9CFA-39D83814200E}.Release|Any CPU.ActiveCfg = Release|Any CPU
		{D69C3B32-5659-470A-9CFA-39D83814200E}.Release|Any CPU.Build.0 = Release|Any CPU
		{5C882EFC-CDCB-4A77-B4FF-995F75E1A8A7}.Debug|Any CPU.ActiveCfg = Debug|Any CPU
		{5C882EFC-CDCB-4A77-B4FF-995F75E1A8A7}.Debug|Any CPU.Build.0 = Debug|Any CPU
		{5C882EFC-CDCB-4A77-B4FF-995F75E1A8A7}.Release|Any CPU.ActiveCfg = Release|Any CPU
		{5C882EFC-CDCB-4A77-B4FF-995F75E1A8A7}.Release|Any CPU.Build.0 = Release|Any CPU
		{D3802D84-24E6-4999-A4CA-49AAAEBC07AB}.Debug|Any CPU.ActiveCfg = Debug|Any CPU
		{D3802D84-24E6-4999-A4CA-49AAAEBC07AB}.Debug|Any CPU.Build.0 = Debug|Any CPU
		{D3802D84-24E6-4999-A4CA-49AAAEBC07AB}.Release|Any CPU.ActiveCfg = Release|Any CPU
		{D3802D84-24E6-4999-A4CA-49AAAEBC07AB}.Release|Any CPU.Build.0 = Release|Any CPU
		{3E7C421C-0AC7-491C-BEBD-D9E555F23181}.Debug|Any CPU.ActiveCfg = Debug|Any CPU
		{3E7C421C-0AC7-491C-BEBD-D9E555F23181}.Debug|Any CPU.Build.0 = Debug|Any CPU
		{3E7C421C-0AC7-491C-BEBD-D9E555F23181}.Release|Any CPU.ActiveCfg = Release|Any CPU
		{3E7C421C-0AC7-491C-BEBD-D9E555F23181}.Release|Any CPU.Build.0 = Release|Any CPU
		{91BF0959-041A-4E6C-B360-C46DE901676F}.Debug|Any CPU.ActiveCfg = Debug|Any CPU
		{91BF0959-041A-4E6C-B360-C46DE901676F}.Debug|Any CPU.Build.0 = Debug|Any CPU
		{91BF0959-041A-4E6C-B360-C46DE901676F}.Release|Any CPU.ActiveCfg = Release|Any CPU
		{91BF0959-041A-4E6C-B360-C46DE901676F}.Release|Any CPU.Build.0 = Release|Any CPU
		{83528544-8D0D-4286-B324-A56E96653B97}.Debug|Any CPU.ActiveCfg = Debug|Any CPU
		{83528544-8D0D-4286-B324-A56E96653B97}.Debug|Any CPU.Build.0 = Debug|Any CPU
		{83528544-8D0D-4286-B324-A56E96653B97}.Release|Any CPU.ActiveCfg = Release|Any CPU
		{83528544-8D0D-4286-B324-A56E96653B97}.Release|Any CPU.Build.0 = Release|Any CPU
		{9683007A-373C-4D51-90B4-44804889F444}.Debug|Any CPU.ActiveCfg = Debug|Any CPU
		{9683007A-373C-4D51-90B4-44804889F444}.Debug|Any CPU.Build.0 = Debug|Any CPU
		{9683007A-373C-4D51-90B4-44804889F444}.Release|Any CPU.ActiveCfg = Release|Any CPU
		{9683007A-373C-4D51-90B4-44804889F444}.Release|Any CPU.Build.0 = Release|Any CPU
		{38D3F965-2231-4BF3-93EC-61CE4029B86B}.Debug|Any CPU.ActiveCfg = Debug|Any CPU
		{38D3F965-2231-4BF3-93EC-61CE4029B86B}.Debug|Any CPU.Build.0 = Debug|Any CPU
		{38D3F965-2231-4BF3-93EC-61CE4029B86B}.Release|Any CPU.ActiveCfg = Release|Any CPU
		{38D3F965-2231-4BF3-93EC-61CE4029B86B}.Release|Any CPU.Build.0 = Release|Any CPU
		{0D20ACBA-D4FF-457F-A0F5-40418CFEBA07}.Debug|Any CPU.ActiveCfg = Debug|Any CPU
		{0D20ACBA-D4FF-457F-A0F5-40418CFEBA07}.Debug|Any CPU.Build.0 = Debug|Any CPU
		{0D20ACBA-D4FF-457F-A0F5-40418CFEBA07}.Release|Any CPU.ActiveCfg = Release|Any CPU
		{0D20ACBA-D4FF-457F-A0F5-40418CFEBA07}.Release|Any CPU.Build.0 = Release|Any CPU
		{80395B0D-33D0-49DE-B91D-885F537B3637}.Debug|Any CPU.ActiveCfg = Debug|Any CPU
		{80395B0D-33D0-49DE-B91D-885F537B3637}.Debug|Any CPU.Build.0 = Debug|Any CPU
		{80395B0D-33D0-49DE-B91D-885F537B3637}.Release|Any CPU.ActiveCfg = Release|Any CPU
		{80395B0D-33D0-49DE-B91D-885F537B3637}.Release|Any CPU.Build.0 = Release|Any CPU
		{E9030808-203B-4476-B383-D31F526A3ACF}.Debug|Any CPU.ActiveCfg = Debug|Any CPU
		{E9030808-203B-4476-B383-D31F526A3ACF}.Debug|Any CPU.Build.0 = Debug|Any CPU
		{E9030808-203B-4476-B383-D31F526A3ACF}.Release|Any CPU.ActiveCfg = Release|Any CPU
		{E9030808-203B-4476-B383-D31F526A3ACF}.Release|Any CPU.Build.0 = Release|Any CPU
		{D1E31A03-2526-4D83-887D-E133C3BA7AC9}.Debug|Any CPU.ActiveCfg = Debug|Any CPU
		{D1E31A03-2526-4D83-887D-E133C3BA7AC9}.Debug|Any CPU.Build.0 = Debug|Any CPU
		{D1E31A03-2526-4D83-887D-E133C3BA7AC9}.Release|Any CPU.ActiveCfg = Release|Any CPU
		{D1E31A03-2526-4D83-887D-E133C3BA7AC9}.Release|Any CPU.Build.0 = Release|Any CPU
		{00682A5D-DBDE-4A2E-B6DE-06A874F45CF7}.Debug|Any CPU.ActiveCfg = Debug|Any CPU
		{00682A5D-DBDE-4A2E-B6DE-06A874F45CF7}.Debug|Any CPU.Build.0 = Debug|Any CPU
		{00682A5D-DBDE-4A2E-B6DE-06A874F45CF7}.Release|Any CPU.ActiveCfg = Release|Any CPU
		{00682A5D-DBDE-4A2E-B6DE-06A874F45CF7}.Release|Any CPU.Build.0 = Release|Any CPU
		{CA44CE99-3AE2-4F6C-B31F-2ED9A4DD5AC9}.Debug|Any CPU.ActiveCfg = Debug|Any CPU
		{CA44CE99-3AE2-4F6C-B31F-2ED9A4DD5AC9}.Debug|Any CPU.Build.0 = Debug|Any CPU
		{CA44CE99-3AE2-4F6C-B31F-2ED9A4DD5AC9}.Release|Any CPU.ActiveCfg = Release|Any CPU
		{CA44CE99-3AE2-4F6C-B31F-2ED9A4DD5AC9}.Release|Any CPU.Build.0 = Release|Any CPU
	EndGlobalSection
	GlobalSection(SolutionProperties) = preSolution
		HideSolutionNode = FALSE
	EndGlobalSection
	GlobalSection(ExtensibilityGlobals) = postSolution
		SolutionGuid = {04780CAA-A8BA-4117-B0FE-E7B6C200DE87}
	EndGlobalSection
EndGlobal
